
Microsoft Visual Studio Solution File, Format Version 12.00
# Visual Studio Version 17
VisualStudioVersion = 17.7.34009.444
MinimumVisualStudioVersion = 10.0.40219.1
Project("{FAE04EC0-301F-11D3-BF4B-00C04F79EFBC}") = "AnnotationsAssignment", "AnnotationsAssignment.csproj", "{3587B7BA-5167-482B-9025-692A569B806D}"
EndProject
Global
	GlobalSection(SolutionConfigurationPlatforms) = preSolution
		Debug|Any CPU = Debug|Any CPU
		Release|Any CPU = Release|Any CPU
	EndGlobalSection
	GlobalSection(ProjectConfigurationPlatforms) = postSolution
		{3587B7BA-5167-482B-9025-692A569B806D}.Debug|Any CPU.ActiveCfg = Debug|Any CPU
		{3587B7BA-5167-482B-9025-692A569B806D}.Debug|Any CPU.Build.0 = Debug|Any CPU
		{3587B7BA-5167-482B-9025-692A569B806D}.Release|Any CPU.ActiveCfg = Release|Any CPU
		{3587B7BA-5167-482B-9025-692A569B806D}.Release|Any CPU.Build.0 = Release|Any CPU
	EndGlobalSection
	GlobalSection(SolutionProperties) = preSolution
		HideSolutionNode = FALSE
	EndGlobalSection
	GlobalSection(ExtensibilityGlobals) = postSolution
		SolutionGuid = {C5AB3E24-4B65-4980-84FE-5EECE883D307}
	EndGlobalSection
EndGlobal
